
Microsoft Visual Studio Solution File, Format Version 12.00
# Visual Studio Version 17
VisualStudioVersion = 17.5.33530.505
MinimumVisualStudioVersion = 10.0.40219.1
Project("{FAE04EC0-301F-11D3-BF4B-00C04F79EFBC}") = "EmployeeManagement.Api", "EmployeeManagement.Api\EmployeeManagement.Api.csproj", "{EB9C8F6B-3252-4ED2-85E7-295E8A063C3D}"
EndProject
Project("{FAE04EC0-301F-11D3-BF4B-00C04F79EFBC}") = "EmployeeManagement.Contracts", "EmployeeManagement.Contracts\EmployeeManagement.Contracts.csproj", "{B2B5C83E-EA8F-4AAB-B680-84A8F961009C}"
EndProject
Project("{FAE04EC0-301F-11D3-BF4B-00C04F79EFBC}") = "EmployeeManagement.Repository", "EmployeeManagement.Repository\EmployeeManagement.Repository.csproj", "{90464385-2B6A-462D-9ECB-7E19E3AC7C7E}"
EndProject
Project("{FAE04EC0-301F-11D3-BF4B-00C04F79EFBC}") = "EmployeeManagement.Service", "EmployeeManagement.Service\EmployeeManagement.Service.csproj", "{81DB2518-B3FA-4862-A058-EDCE73FD0F6A}"
EndProject
Global
	GlobalSection(SolutionConfigurationPlatforms) = preSolution
		Debug|Any CPU = Debug|Any CPU
		Release|Any CPU = Release|Any CPU
	EndGlobalSection
	GlobalSection(ProjectConfigurationPlatforms) = postSolution
		{EB9C8F6B-3252-4ED2-85E7-295E8A063C3D}.Debug|Any CPU.ActiveCfg = Debug|Any CPU
		{EB9C8F6B-3252-4ED2-85E7-295E8A063C3D}.Debug|Any CPU.Build.0 = Debug|Any CPU
		{EB9C8F6B-3252-4ED2-85E7-295E8A063C3D}.Release|Any CPU.ActiveCfg = Release|Any CPU
		{EB9C8F6B-3252-4ED2-85E7-295E8A063C3D}.Release|Any CPU.Build.0 = Release|Any CPU
		{B2B5C83E-EA8F-4AAB-B680-84A8F961009C}.Debug|Any CPU.ActiveCfg = Debug|Any CPU
		{B2B5C83E-EA8F-4AAB-B680-84A8F961009C}.Debug|Any CPU.Build.0 = Debug|Any CPU
		{B2B5C83E-EA8F-4AAB-B680-84A8F961009C}.Release|Any CPU.ActiveCfg = Release|Any CPU
		{B2B5C83E-EA8F-4AAB-B680-84A8F961009C}.Release|Any CPU.Build.0 = Release|Any CPU
		{90464385-2B6A-462D-9ECB-7E19E3AC7C7E}.Debug|Any CPU.ActiveCfg = Debug|Any CPU
		{90464385-2B6A-462D-9ECB-7E19E3AC7C7E}.Debug|Any CPU.Build.0 = Debug|Any CPU
		{90464385-2B6A-462D-9ECB-7E19E3AC7C7E}.Release|Any CPU.ActiveCfg = Release|Any CPU
		{90464385-2B6A-462D-9ECB-7E19E3AC7C7E}.Release|Any CPU.Build.0 = Release|Any CPU
		{81DB2518-B3FA-4862-A058-EDCE73FD0F6A}.Debug|Any CPU.ActiveCfg = Debug|Any CPU
		{81DB2518-B3FA-4862-A058-EDCE73FD0F6A}.Debug|Any CPU.Build.0 = Debug|Any CPU
		{81DB2518-B3FA-4862-A058-EDCE73FD0F6A}.Release|Any CPU.ActiveCfg = Release|Any CPU
		{81DB2518-B3FA-4862-A058-EDCE73FD0F6A}.Release|Any CPU.Build.0 = Release|Any CPU
	EndGlobalSection
	GlobalSection(SolutionProperties) = preSolution
		HideSolutionNode = FALSE
	EndGlobalSection
	GlobalSection(ExtensibilityGlobals) = postSolution
		SolutionGuid = {F7A7F51C-7730-4756-BE88-371FBDE8841B}
	EndGlobalSection
EndGlobal
